
Microsoft Visual Studio Solution File, Format Version 12.00
# Visual Studio Version 17
VisualStudioVersion = 17.10.35027.167
MinimumVisualStudioVersion = 10.0.40219.1
Project("{9A19103F-16F7-4668-BE54-9A1E7A4F7556}") = "Experion.PickMyBook.Infrastructure", "Experion.PickMyBook.Infrastructure\Experion.PickMyBook.Infrastructure.csproj", "{DC2B7F41-F879-4652-9295-729189CA4EFF}"
EndProject
Project("{9A19103F-16F7-4668-BE54-9A1E7A4F7556}") = "Experion.PickMyBook.Data", "Experion.PickMyBook.Data\Experion.PickMyBook.Data.csproj", "{0030088B-FF65-4EFE-8B8D-32F1B09D80B4}"
EndProject
Project("{9A19103F-16F7-4668-BE54-9A1E7A4F7556}") = "Experion.PickMyBook.Business", "Experion.PickMyBook.Business\Experion.PickMyBook.Business.csproj", "{3B362E0C-9B05-4F9A-941E-0860D3048E76}"
EndProject
Project("{9A19103F-16F7-4668-BE54-9A1E7A4F7556}") = "Experion.PickMyBook.API", "Experion.PickMyBook.API\Experion.PickMyBook.API.csproj", "{A9004E05-EF65-4DBC-8367-4DB57CF10E25}"
EndProject
Global
	GlobalSection(SolutionConfigurationPlatforms) = preSolution
		Debug|Any CPU = Debug|Any CPU
		Release|Any CPU = Release|Any CPU
	EndGlobalSection
	GlobalSection(ProjectConfigurationPlatforms) = postSolution
		{DC2B7F41-F879-4652-9295-729189CA4EFF}.Debug|Any CPU.ActiveCfg = Debug|Any CPU
		{DC2B7F41-F879-4652-9295-729189CA4EFF}.Debug|Any CPU.Build.0 = Debug|Any CPU
		{DC2B7F41-F879-4652-9295-729189CA4EFF}.Release|Any CPU.ActiveCfg = Release|Any CPU
		{DC2B7F41-F879-4652-9295-729189CA4EFF}.Release|Any CPU.Build.0 = Release|Any CPU
		{0030088B-FF65-4EFE-8B8D-32F1B09D80B4}.Debug|Any CPU.ActiveCfg = Debug|Any CPU
		{0030088B-FF65-4EFE-8B8D-32F1B09D80B4}.Debug|Any CPU.Build.0 = Debug|Any CPU
		{0030088B-FF65-4EFE-8B8D-32F1B09D80B4}.Release|Any CPU.ActiveCfg = Release|Any CPU
		{0030088B-FF65-4EFE-8B8D-32F1B09D80B4}.Release|Any CPU.Build.0 = Release|Any CPU
		{3B362E0C-9B05-4F9A-941E-0860D3048E76}.Debug|Any CPU.ActiveCfg = Debug|Any CPU
		{3B362E0C-9B05-4F9A-941E-0860D3048E76}.Debug|Any CPU.Build.0 = Debug|Any CPU
		{3B362E0C-9B05-4F9A-941E-0860D3048E76}.Release|Any CPU.ActiveCfg = Release|Any CPU
		{3B362E0C-9B05-4F9A-941E-0860D3048E76}.Release|Any CPU.Build.0 = Release|Any CPU
		{A9004E05-EF65-4DBC-8367-4DB57CF10E25}.Debug|Any CPU.ActiveCfg = Debug|Any CPU
		{A9004E05-EF65-4DBC-8367-4DB57CF10E25}.Debug|Any CPU.Build.0 = Debug|Any CPU
		{A9004E05-EF65-4DBC-8367-4DB57CF10E25}.Release|Any CPU.ActiveCfg = Release|Any CPU
		{A9004E05-EF65-4DBC-8367-4DB57CF10E25}.Release|Any CPU.Build.0 = Release|Any CPU
	EndGlobalSection
	GlobalSection(SolutionProperties) = preSolution
		HideSolutionNode = FALSE
	EndGlobalSection
	GlobalSection(ExtensibilityGlobals) = postSolution
		SolutionGuid = {F9331C6D-9A5A-4A5D-8ECD-ACA5D7DD6F46}
	EndGlobalSection
EndGlobal
